// !$*UTF8*$!
{
	archiveVersion = 1;
	classes = {
	};
	objectVersion = 52;
	objects = {

/* Begin PBXBuildFile section */
		0858E44D25B3FB3E004E5A49 /* UserGroupsQuery.graphql in Resources */ = {isa = PBXBuildFile; fileRef = 0858E44C25B3FB3E004E5A49 /* UserGroupsQuery.graphql */; };
		0858E45225B40172004E5A49 /* CreateGroupMutation.graphql in Resources */ = {isa = PBXBuildFile; fileRef = 0858E45125B40172004E5A49 /* CreateGroupMutation.graphql */; };
		0858E45A25B403DB004E5A49 /* GroupFormView.swift in Sources */ = {isa = PBXBuildFile; fileRef = 0858E45925B403DB004E5A49 /* GroupFormView.swift */; };
		0872757C25B23BEC00DEB48E /* Router.swift in Sources */ = {isa = PBXBuildFile; fileRef = 0872757B25B23BEC00DEB48E /* Router.swift */; };
		0872758425B23FDC00DEB48E /* LoginView.swift in Sources */ = {isa = PBXBuildFile; fileRef = 0872758325B23FDC00DEB48E /* LoginView.swift */; };
		0872758925B241E000DEB48E /* SignUpView.swift in Sources */ = {isa = PBXBuildFile; fileRef = 0872758825B241E000DEB48E /* SignUpView.swift */; };
		0872758F25B2460700DEB48E /* Apollo in Frameworks */ = {isa = PBXBuildFile; productRef = 0872758E25B2460700DEB48E /* Apollo */; };
		0877067D25B1FD6C00C5E1A2 /* nugroupApp.swift in Sources */ = {isa = PBXBuildFile; fileRef = 0877067C25B1FD6C00C5E1A2 /* nugroupApp.swift */; };
		0877067F25B1FD6C00C5E1A2 /* ContentView.swift in Sources */ = {isa = PBXBuildFile; fileRef = 0877067E25B1FD6C00C5E1A2 /* ContentView.swift */; };
		0877068125B1FD6E00C5E1A2 /* Assets.xcassets in Resources */ = {isa = PBXBuildFile; fileRef = 0877068025B1FD6E00C5E1A2 /* Assets.xcassets */; };
		0877068425B1FD6E00C5E1A2 /* Preview Assets.xcassets in Resources */ = {isa = PBXBuildFile; fileRef = 0877068325B1FD6E00C5E1A2 /* Preview Assets.xcassets */; };
		0877068F25B1FD6E00C5E1A2 /* nugroupTests.swift in Sources */ = {isa = PBXBuildFile; fileRef = 0877068E25B1FD6E00C5E1A2 /* nugroupTests.swift */; };
		0877069A25B1FD6E00C5E1A2 /* nugroupUITests.swift in Sources */ = {isa = PBXBuildFile; fileRef = 0877069925B1FD6E00C5E1A2 /* nugroupUITests.swift */; };
		088936BB25B4B17B006B8673 /* GroupView.swift in Sources */ = {isa = PBXBuildFile; fileRef = 088936BA25B4B17B006B8673 /* GroupView.swift */; };
		088936C325B4B389006B8673 /* GroupQuery.graphql in Resources */ = {isa = PBXBuildFile; fileRef = 088936C225B4B389006B8673 /* GroupQuery.graphql */; };
		088936CB25B4BB7E006B8673 /* CreateEventMutation.graphql in Resources */ = {isa = PBXBuildFile; fileRef = 088936CA25B4BB7E006B8673 /* CreateEventMutation.graphql */; };
		088936D325B4BD5D006B8673 /* EventFormView.swift in Sources */ = {isa = PBXBuildFile; fileRef = 088936D225B4BD5D006B8673 /* EventFormView.swift */; };
		088936DB25B4EF5E006B8673 /* EventDetailsView.swift in Sources */ = {isa = PBXBuildFile; fileRef = 088936DA25B4EF5E006B8673 /* EventDetailsView.swift */; };
		088936E025B4F631006B8673 /* EventQuery.graphql in Resources */ = {isa = PBXBuildFile; fileRef = 088936DF25B4F631006B8673 /* EventQuery.graphql */; };
		088936E525B4F9D2006B8673 /* CreateCommentMutation.graphql in Resources */ = {isa = PBXBuildFile; fileRef = 088936E425B4F9D2006B8673 /* CreateCommentMutation.graphql */; };
		08AB6C3525B3BE2900BDC208 /* CreateUserMutation.graphql in Resources */ = {isa = PBXBuildFile; fileRef = 08AB6C3425B3BE2900BDC208 /* CreateUserMutation.graphql */; };
		08AB6C3A25B3C09600BDC208 /* UserData.swift in Sources */ = {isa = PBXBuildFile; fileRef = 08AB6C3925B3C09600BDC208 /* UserData.swift */; };
		08AB6C4025B3C72300BDC208 /* SettingsView.swift in Sources */ = {isa = PBXBuildFile; fileRef = 08AB6C3F25B3C72300BDC208 /* SettingsView.swift */; };
		08AB6C4825B3C88200BDC208 /* GroupsView.swift in Sources */ = {isa = PBXBuildFile; fileRef = 08AB6C4725B3C88200BDC208 /* GroupsView.swift */; };
		08CDFCD125B36DC400051DAD /* LoginMutation.graphql in Resources */ = {isa = PBXBuildFile; fileRef = 08CDFCD025B36DC400051DAD /* LoginMutation.graphql */; };
		08CDFCD925B3733900051DAD /* API.swift in Sources */ = {isa = PBXBuildFile; fileRef = 08CDFCD825B3733900051DAD /* API.swift */; };
		08CDFCDE25B3736100051DAD /* Network.swift in Sources */ = {isa = PBXBuildFile; fileRef = 08CDFCDD25B3736100051DAD /* Network.swift */; };
/* End PBXBuildFile section */

/* Begin PBXContainerItemProxy section */
		0877068B25B1FD6E00C5E1A2 /* PBXContainerItemProxy */ = {
			isa = PBXContainerItemProxy;
			containerPortal = 0877067125B1FD6C00C5E1A2 /* Project object */;
			proxyType = 1;
			remoteGlobalIDString = 0877067825B1FD6C00C5E1A2;
			remoteInfo = nugroup;
		};
		0877069625B1FD6E00C5E1A2 /* PBXContainerItemProxy */ = {
			isa = PBXContainerItemProxy;
			containerPortal = 0877067125B1FD6C00C5E1A2 /* Project object */;
			proxyType = 1;
			remoteGlobalIDString = 0877067825B1FD6C00C5E1A2;
			remoteInfo = nugroup;
		};
/* End PBXContainerItemProxy section */

/* Begin PBXFileReference section */
		0858E44C25B3FB3E004E5A49 /* UserGroupsQuery.graphql */ = {isa = PBXFileReference; lastKnownFileType = text; path = UserGroupsQuery.graphql; sourceTree = "<group>"; };
		0858E45125B40172004E5A49 /* CreateGroupMutation.graphql */ = {isa = PBXFileReference; lastKnownFileType = text; path = CreateGroupMutation.graphql; sourceTree = "<group>"; };
		0858E45925B403DB004E5A49 /* GroupFormView.swift */ = {isa = PBXFileReference; lastKnownFileType = sourcecode.swift; path = GroupFormView.swift; sourceTree = "<group>"; };
		0872757B25B23BEC00DEB48E /* Router.swift */ = {isa = PBXFileReference; lastKnownFileType = sourcecode.swift; path = Router.swift; sourceTree = "<group>"; };
		0872758325B23FDC00DEB48E /* LoginView.swift */ = {isa = PBXFileReference; lastKnownFileType = sourcecode.swift; path = LoginView.swift; sourceTree = "<group>"; };
		0872758825B241E000DEB48E /* SignUpView.swift */ = {isa = PBXFileReference; lastKnownFileType = sourcecode.swift; path = SignUpView.swift; sourceTree = "<group>"; };
		0877067925B1FD6C00C5E1A2 /* nugroup.app */ = {isa = PBXFileReference; explicitFileType = wrapper.application; includeInIndex = 0; path = nugroup.app; sourceTree = BUILT_PRODUCTS_DIR; };
		0877067C25B1FD6C00C5E1A2 /* nugroupApp.swift */ = {isa = PBXFileReference; lastKnownFileType = sourcecode.swift; path = nugroupApp.swift; sourceTree = "<group>"; };
		0877067E25B1FD6C00C5E1A2 /* ContentView.swift */ = {isa = PBXFileReference; lastKnownFileType = sourcecode.swift; path = ContentView.swift; sourceTree = "<group>"; };
		0877068025B1FD6E00C5E1A2 /* Assets.xcassets */ = {isa = PBXFileReference; lastKnownFileType = folder.assetcatalog; path = Assets.xcassets; sourceTree = "<group>"; };
		0877068325B1FD6E00C5E1A2 /* Preview Assets.xcassets */ = {isa = PBXFileReference; lastKnownFileType = folder.assetcatalog; path = "Preview Assets.xcassets"; sourceTree = "<group>"; };
		0877068525B1FD6E00C5E1A2 /* Info.plist */ = {isa = PBXFileReference; lastKnownFileType = text.plist.xml; path = Info.plist; sourceTree = "<group>"; };
		0877068A25B1FD6E00C5E1A2 /* nugroupTests.xctest */ = {isa = PBXFileReference; explicitFileType = wrapper.cfbundle; includeInIndex = 0; path = nugroupTests.xctest; sourceTree = BUILT_PRODUCTS_DIR; };
		0877068E25B1FD6E00C5E1A2 /* nugroupTests.swift */ = {isa = PBXFileReference; lastKnownFileType = sourcecode.swift; path = nugroupTests.swift; sourceTree = "<group>"; };
		0877069025B1FD6E00C5E1A2 /* Info.plist */ = {isa = PBXFileReference; lastKnownFileType = text.plist.xml; path = Info.plist; sourceTree = "<group>"; };
		0877069525B1FD6E00C5E1A2 /* nugroupUITests.xctest */ = {isa = PBXFileReference; explicitFileType = wrapper.cfbundle; includeInIndex = 0; path = nugroupUITests.xctest; sourceTree = BUILT_PRODUCTS_DIR; };
		0877069925B1FD6E00C5E1A2 /* nugroupUITests.swift */ = {isa = PBXFileReference; lastKnownFileType = sourcecode.swift; path = nugroupUITests.swift; sourceTree = "<group>"; };
		0877069B25B1FD6E00C5E1A2 /* Info.plist */ = {isa = PBXFileReference; lastKnownFileType = text.plist.xml; path = Info.plist; sourceTree = "<group>"; };
		088936BA25B4B17B006B8673 /* GroupView.swift */ = {isa = PBXFileReference; lastKnownFileType = sourcecode.swift; path = GroupView.swift; sourceTree = "<group>"; };
		088936C225B4B389006B8673 /* GroupQuery.graphql */ = {isa = PBXFileReference; lastKnownFileType = text; path = GroupQuery.graphql; sourceTree = "<group>"; };
		088936CA25B4BB7E006B8673 /* CreateEventMutation.graphql */ = {isa = PBXFileReference; lastKnownFileType = text; path = CreateEventMutation.graphql; sourceTree = "<group>"; };
		088936D225B4BD5D006B8673 /* EventFormView.swift */ = {isa = PBXFileReference; lastKnownFileType = sourcecode.swift; path = EventFormView.swift; sourceTree = "<group>"; };
		088936DA25B4EF5E006B8673 /* EventDetailsView.swift */ = {isa = PBXFileReference; lastKnownFileType = sourcecode.swift; path = EventDetailsView.swift; sourceTree = "<group>"; };
		088936DF25B4F631006B8673 /* EventQuery.graphql */ = {isa = PBXFileReference; lastKnownFileType = text; path = EventQuery.graphql; sourceTree = "<group>"; };
		088936E425B4F9D2006B8673 /* CreateCommentMutation.graphql */ = {isa = PBXFileReference; lastKnownFileType = text; path = CreateCommentMutation.graphql; sourceTree = "<group>"; };
		08AB6C3425B3BE2900BDC208 /* CreateUserMutation.graphql */ = {isa = PBXFileReference; lastKnownFileType = text; path = CreateUserMutation.graphql; sourceTree = "<group>"; };
		08AB6C3925B3C09600BDC208 /* UserData.swift */ = {isa = PBXFileReference; lastKnownFileType = sourcecode.swift; path = UserData.swift; sourceTree = "<group>"; };
		08AB6C3F25B3C72300BDC208 /* SettingsView.swift */ = {isa = PBXFileReference; lastKnownFileType = sourcecode.swift; path = SettingsView.swift; sourceTree = "<group>"; };
		08AB6C4725B3C88200BDC208 /* GroupsView.swift */ = {isa = PBXFileReference; lastKnownFileType = sourcecode.swift; path = GroupsView.swift; sourceTree = "<group>"; };
		08CDFCD025B36DC400051DAD /* LoginMutation.graphql */ = {isa = PBXFileReference; lastKnownFileType = text; path = LoginMutation.graphql; sourceTree = "<group>"; };
		08CDFCD825B3733900051DAD /* API.swift */ = {isa = PBXFileReference; lastKnownFileType = sourcecode.swift; path = API.swift; sourceTree = "<group>"; };
		08CDFCDD25B3736100051DAD /* Network.swift */ = {isa = PBXFileReference; lastKnownFileType = sourcecode.swift; path = Network.swift; sourceTree = "<group>"; };
/* End PBXFileReference section */

/* Begin PBXFrameworksBuildPhase section */
		0877067625B1FD6C00C5E1A2 /* Frameworks */ = {
			isa = PBXFrameworksBuildPhase;
			buildActionMask = 2147483647;
			files = (
				0872758F25B2460700DEB48E /* Apollo in Frameworks */,
			);
			runOnlyForDeploymentPostprocessing = 0;
		};
		0877068725B1FD6E00C5E1A2 /* Frameworks */ = {
			isa = PBXFrameworksBuildPhase;
			buildActionMask = 2147483647;
			files = (
			);
			runOnlyForDeploymentPostprocessing = 0;
		};
		0877069225B1FD6E00C5E1A2 /* Frameworks */ = {
			isa = PBXFrameworksBuildPhase;
			buildActionMask = 2147483647;
			files = (
			);
			runOnlyForDeploymentPostprocessing = 0;
		};
/* End PBXFrameworksBuildPhase section */

/* Begin PBXGroup section */
		0872757A25B23BD300DEB48E /* Form */ = {
			isa = PBXGroup;
			children = (
				0872758325B23FDC00DEB48E /* LoginView.swift */,
				0872758825B241E000DEB48E /* SignUpView.swift */,
				0858E45925B403DB004E5A49 /* GroupFormView.swift */,
				088936D225B4BD5D006B8673 /* EventFormView.swift */,
			);
			path = Form;
			sourceTree = "<group>";
		};
		0877067025B1FD6C00C5E1A2 = {
			isa = PBXGroup;
			children = (
				0877067B25B1FD6C00C5E1A2 /* nugroup */,
				0877068D25B1FD6E00C5E1A2 /* nugroupTests */,
				0877069825B1FD6E00C5E1A2 /* nugroupUITests */,
				0877067A25B1FD6C00C5E1A2 /* Products */,
			);
			sourceTree = "<group>";
		};
		0877067A25B1FD6C00C5E1A2 /* Products */ = {
			isa = PBXGroup;
			children = (
				0877067925B1FD6C00C5E1A2 /* nugroup.app */,
				0877068A25B1FD6E00C5E1A2 /* nugroupTests.xctest */,
				0877069525B1FD6E00C5E1A2 /* nugroupUITests.xctest */,
			);
			name = Products;
			sourceTree = "<group>";
		};
		0877067B25B1FD6C00C5E1A2 /* nugroup */ = {
			isa = PBXGroup;
			children = (
				088936B925B4B15F006B8673 /* ModelViews */,
				08AB6C3E25B3C6FF00BDC208 /* Tabs */,
				08AB6C3925B3C09600BDC208 /* UserData.swift */,
				08CDFCDD25B3736100051DAD /* Network.swift */,
				08CDFCD825B3733900051DAD /* API.swift */,
				08F7953125B276DF002D39D5 /* Queries */,
				0872757A25B23BD300DEB48E /* Form */,
				0877067C25B1FD6C00C5E1A2 /* nugroupApp.swift */,
				0877067E25B1FD6C00C5E1A2 /* ContentView.swift */,
				0877068025B1FD6E00C5E1A2 /* Assets.xcassets */,
				0877068525B1FD6E00C5E1A2 /* Info.plist */,
				0877068225B1FD6E00C5E1A2 /* Preview Content */,
				0872757B25B23BEC00DEB48E /* Router.swift */,
			);
			path = nugroup;
			sourceTree = "<group>";
		};
		0877068225B1FD6E00C5E1A2 /* Preview Content */ = {
			isa = PBXGroup;
			children = (
				0877068325B1FD6E00C5E1A2 /* Preview Assets.xcassets */,
			);
			path = "Preview Content";
			sourceTree = "<group>";
		};
		0877068D25B1FD6E00C5E1A2 /* nugroupTests */ = {
			isa = PBXGroup;
			children = (
				0877068E25B1FD6E00C5E1A2 /* nugroupTests.swift */,
				0877069025B1FD6E00C5E1A2 /* Info.plist */,
			);
			path = nugroupTests;
			sourceTree = "<group>";
		};
		0877069825B1FD6E00C5E1A2 /* nugroupUITests */ = {
			isa = PBXGroup;
			children = (
				0877069925B1FD6E00C5E1A2 /* nugroupUITests.swift */,
				0877069B25B1FD6E00C5E1A2 /* Info.plist */,
			);
			path = nugroupUITests;
			sourceTree = "<group>";
		};
		088936B925B4B15F006B8673 /* ModelViews */ = {
			isa = PBXGroup;
			children = (
				088936BA25B4B17B006B8673 /* GroupView.swift */,
				088936DA25B4EF5E006B8673 /* EventDetailsView.swift */,
			);
			path = ModelViews;
			sourceTree = "<group>";
		};
		08AB6C3E25B3C6FF00BDC208 /* Tabs */ = {
			isa = PBXGroup;
			children = (
				08AB6C3F25B3C72300BDC208 /* SettingsView.swift */,
				08AB6C4725B3C88200BDC208 /* GroupsView.swift */,
			);
			path = Tabs;
			sourceTree = "<group>";
		};
		08F7953125B276DF002D39D5 /* Queries */ = {
			isa = PBXGroup;
			children = (
				08CDFCD025B36DC400051DAD /* LoginMutation.graphql */,
				08AB6C3425B3BE2900BDC208 /* CreateUserMutation.graphql */,
				0858E44C25B3FB3E004E5A49 /* UserGroupsQuery.graphql */,
				0858E45125B40172004E5A49 /* CreateGroupMutation.graphql */,
				088936C225B4B389006B8673 /* GroupQuery.graphql */,
				088936CA25B4BB7E006B8673 /* CreateEventMutation.graphql */,
				088936DF25B4F631006B8673 /* EventQuery.graphql */,
				088936E425B4F9D2006B8673 /* CreateCommentMutation.graphql */,
			);
			path = Queries;
			sourceTree = "<group>";
		};
/* End PBXGroup section */

/* Begin PBXNativeTarget section */
		0877067825B1FD6C00C5E1A2 /* nugroup */ = {
			isa = PBXNativeTarget;
			buildConfigurationList = 0877069E25B1FD6E00C5E1A2 /* Build configuration list for PBXNativeTarget "nugroup" */;
			buildPhases = (
				08F7953025B24982002D39D5 /* Apollo CLI */,
				0877067525B1FD6C00C5E1A2 /* Sources */,
				0877067625B1FD6C00C5E1A2 /* Frameworks */,
				0877067725B1FD6C00C5E1A2 /* Resources */,
			);
			buildRules = (
			);
			dependencies = (
			);
			name = nugroup;
			packageProductDependencies = (
				0872758E25B2460700DEB48E /* Apollo */,
			);
			productName = nugroup;
			productReference = 0877067925B1FD6C00C5E1A2 /* nugroup.app */;
			productType = "com.apple.product-type.application";
		};
		0877068925B1FD6E00C5E1A2 /* nugroupTests */ = {
			isa = PBXNativeTarget;
			buildConfigurationList = 087706A125B1FD6E00C5E1A2 /* Build configuration list for PBXNativeTarget "nugroupTests" */;
			buildPhases = (
				0877068625B1FD6E00C5E1A2 /* Sources */,
				0877068725B1FD6E00C5E1A2 /* Frameworks */,
				0877068825B1FD6E00C5E1A2 /* Resources */,
			);
			buildRules = (
			);
			dependencies = (
				0877068C25B1FD6E00C5E1A2 /* PBXTargetDependency */,
			);
			name = nugroupTests;
			productName = nugroupTests;
			productReference = 0877068A25B1FD6E00C5E1A2 /* nugroupTests.xctest */;
			productType = "com.apple.product-type.bundle.unit-test";
		};
		0877069425B1FD6E00C5E1A2 /* nugroupUITests */ = {
			isa = PBXNativeTarget;
			buildConfigurationList = 087706A425B1FD6E00C5E1A2 /* Build configuration list for PBXNativeTarget "nugroupUITests" */;
			buildPhases = (
				0877069125B1FD6E00C5E1A2 /* Sources */,
				0877069225B1FD6E00C5E1A2 /* Frameworks */,
				0877069325B1FD6E00C5E1A2 /* Resources */,
			);
			buildRules = (
			);
			dependencies = (
				0877069725B1FD6E00C5E1A2 /* PBXTargetDependency */,
			);
			name = nugroupUITests;
			productName = nugroupUITests;
			productReference = 0877069525B1FD6E00C5E1A2 /* nugroupUITests.xctest */;
			productType = "com.apple.product-type.bundle.ui-testing";
		};
/* End PBXNativeTarget section */

/* Begin PBXProject section */
		0877067125B1FD6C00C5E1A2 /* Project object */ = {
			isa = PBXProject;
			attributes = {
				LastSwiftUpdateCheck = 1230;
				LastUpgradeCheck = 1230;
				TargetAttributes = {
					0877067825B1FD6C00C5E1A2 = {
						CreatedOnToolsVersion = 12.3;
					};
					0877068925B1FD6E00C5E1A2 = {
						CreatedOnToolsVersion = 12.3;
						TestTargetID = 0877067825B1FD6C00C5E1A2;
					};
					0877069425B1FD6E00C5E1A2 = {
						CreatedOnToolsVersion = 12.3;
						TestTargetID = 0877067825B1FD6C00C5E1A2;
					};
				};
			};
			buildConfigurationList = 0877067425B1FD6C00C5E1A2 /* Build configuration list for PBXProject "nugroup" */;
			compatibilityVersion = "Xcode 9.3";
			developmentRegion = en;
			hasScannedForEncodings = 0;
			knownRegions = (
				en,
				Base,
			);
			mainGroup = 0877067025B1FD6C00C5E1A2;
			packageReferences = (
				0872758D25B2460700DEB48E /* XCRemoteSwiftPackageReference "apollo-ios" */,
			);
			productRefGroup = 0877067A25B1FD6C00C5E1A2 /* Products */;
			projectDirPath = "";
			projectRoot = "";
			targets = (
				0877067825B1FD6C00C5E1A2 /* nugroup */,
				0877068925B1FD6E00C5E1A2 /* nugroupTests */,
				0877069425B1FD6E00C5E1A2 /* nugroupUITests */,
			);
		};
/* End PBXProject section */

/* Begin PBXResourcesBuildPhase section */
		0877067725B1FD6C00C5E1A2 /* Resources */ = {
			isa = PBXResourcesBuildPhase;
			buildActionMask = 2147483647;
			files = (
				0858E45225B40172004E5A49 /* CreateGroupMutation.graphql in Resources */,
				088936C325B4B389006B8673 /* GroupQuery.graphql in Resources */,
				088936CB25B4BB7E006B8673 /* CreateEventMutation.graphql in Resources */,
				0858E44D25B3FB3E004E5A49 /* UserGroupsQuery.graphql in Resources */,
				0877068425B1FD6E00C5E1A2 /* Preview Assets.xcassets in Resources */,
				08CDFCD125B36DC400051DAD /* LoginMutation.graphql in Resources */,
				088936E525B4F9D2006B8673 /* CreateCommentMutation.graphql in Resources */,
				0877068125B1FD6E00C5E1A2 /* Assets.xcassets in Resources */,
				08AB6C3525B3BE2900BDC208 /* CreateUserMutation.graphql in Resources */,
				088936E025B4F631006B8673 /* EventQuery.graphql in Resources */,
			);
			runOnlyForDeploymentPostprocessing = 0;
		};
		0877068825B1FD6E00C5E1A2 /* Resources */ = {
			isa = PBXResourcesBuildPhase;
			buildActionMask = 2147483647;
			files = (
			);
			runOnlyForDeploymentPostprocessing = 0;
		};
		0877069325B1FD6E00C5E1A2 /* Resources */ = {
			isa = PBXResourcesBuildPhase;
			buildActionMask = 2147483647;
			files = (
			);
			runOnlyForDeploymentPostprocessing = 0;
		};
/* End PBXResourcesBuildPhase section */

/* Begin PBXShellScriptBuildPhase section */
		08F7953025B24982002D39D5 /* Apollo CLI */ = {
			isa = PBXShellScriptBuildPhase;
			buildActionMask = 2147483647;
			files = (
			);
			inputFileListPaths = (
			);
			inputPaths = (
			);
			name = "Apollo CLI";
			outputFileListPaths = (
			);
			outputPaths = (
			);
			runOnlyForDeploymentPostprocessing = 0;
			shellPath = /bin/sh;
			shellScript = "DERIVED_DATA_CANDIDATE=\"${BUILD_ROOT}\"\n\nwhile ! [ -d \"${DERIVED_DATA_CANDIDATE}/SourcePackages\" ]; do\n  if [ \"${DERIVED_DATA_CANDIDATE}\" = / ]; then\n    echo >&2 \"error: Unable to locate SourcePackages directory from BUILD_ROOT: '${BUILD_ROOT}'\"\n    exit 1\n  fi\n\n  DERIVED_DATA_CANDIDATE=\"$(dirname \"${DERIVED_DATA_CANDIDATE}\")\"\ndone\n\n# Grab a reference to the directory where scripts are checked out\nSCRIPT_PATH=\"${DERIVED_DATA_CANDIDATE}/SourcePackages/checkouts/apollo-ios/scripts\"\n\nif [ -z \"${SCRIPT_PATH}\" ]; then\n    echo >&2 \"error: Couldn't find the CLI script in your checked out SPM packages; make sure to add the framework to your project.\"\n    exit 1\nfi\n\ncd \"${SRCROOT}/${TARGET_NAME}\"\n\"${SCRIPT_PATH}\"/run-bundled-codegen.sh codegen:generate --target=swift --includes=./**/*.graphql --localSchemaFile=\"schema.json\" API.swift\n";
		};
/* End PBXShellScriptBuildPhase section */

/* Begin PBXSourcesBuildPhase section */
		0877067525B1FD6C00C5E1A2 /* Sources */ = {
			isa = PBXSourcesBuildPhase;
			buildActionMask = 2147483647;
			files = (
				088936D325B4BD5D006B8673 /* EventFormView.swift in Sources */,
				08CDFCD925B3733900051DAD /* API.swift in Sources */,
				0877067F25B1FD6C00C5E1A2 /* ContentView.swift in Sources */,
				088936BB25B4B17B006B8673 /* GroupView.swift in Sources */,
				08AB6C3A25B3C09600BDC208 /* UserData.swift in Sources */,
				08AB6C4025B3C72300BDC208 /* SettingsView.swift in Sources */,
				088936DB25B4EF5E006B8673 /* EventDetailsView.swift in Sources */,
				08AB6C4825B3C88200BDC208 /* GroupsView.swift in Sources */,
				0858E45A25B403DB004E5A49 /* GroupFormView.swift in Sources */,
				0872758925B241E000DEB48E /* SignUpView.swift in Sources */,
				0872757C25B23BEC00DEB48E /* Router.swift in Sources */,
				0872758425B23FDC00DEB48E /* LoginView.swift in Sources */,
				08CDFCDE25B3736100051DAD /* Network.swift in Sources */,
				0877067D25B1FD6C00C5E1A2 /* nugroupApp.swift in Sources */,
			);
			runOnlyForDeploymentPostprocessing = 0;
		};
		0877068625B1FD6E00C5E1A2 /* Sources */ = {
			isa = PBXSourcesBuildPhase;
			buildActionMask = 2147483647;
			files = (
				0877068F25B1FD6E00C5E1A2 /* nugroupTests.swift in Sources */,
			);
			runOnlyForDeploymentPostprocessing = 0;
		};
		0877069125B1FD6E00C5E1A2 /* Sources */ = {
			isa = PBXSourcesBuildPhase;
			buildActionMask = 2147483647;
			files = (
				0877069A25B1FD6E00C5E1A2 /* nugroupUITests.swift in Sources */,
			);
			runOnlyForDeploymentPostprocessing = 0;
		};
/* End PBXSourcesBuildPhase section */

/* Begin PBXTargetDependency section */
		0877068C25B1FD6E00C5E1A2 /* PBXTargetDependency */ = {
			isa = PBXTargetDependency;
			target = 0877067825B1FD6C00C5E1A2 /* nugroup */;
			targetProxy = 0877068B25B1FD6E00C5E1A2 /* PBXContainerItemProxy */;
		};
		0877069725B1FD6E00C5E1A2 /* PBXTargetDependency */ = {
			isa = PBXTargetDependency;
			target = 0877067825B1FD6C00C5E1A2 /* nugroup */;
			targetProxy = 0877069625B1FD6E00C5E1A2 /* PBXContainerItemProxy */;
		};
/* End PBXTargetDependency section */

/* Begin XCBuildConfiguration section */
		0877069C25B1FD6E00C5E1A2 /* Debug */ = {
			isa = XCBuildConfiguration;
			buildSettings = {
				ALWAYS_SEARCH_USER_PATHS = NO;
				CLANG_ANALYZER_NONNULL = YES;
				CLANG_ANALYZER_NUMBER_OBJECT_CONVERSION = YES_AGGRESSIVE;
				CLANG_CXX_LANGUAGE_STANDARD = "gnu++14";
				CLANG_CXX_LIBRARY = "libc++";
				CLANG_ENABLE_MODULES = YES;
				CLANG_ENABLE_OBJC_ARC = YES;
				CLANG_ENABLE_OBJC_WEAK = YES;
				CLANG_WARN_BLOCK_CAPTURE_AUTORELEASING = YES;
				CLANG_WARN_BOOL_CONVERSION = YES;
				CLANG_WARN_COMMA = YES;
				CLANG_WARN_CONSTANT_CONVERSION = YES;
				CLANG_WARN_DEPRECATED_OBJC_IMPLEMENTATIONS = YES;
				CLANG_WARN_DIRECT_OBJC_ISA_USAGE = YES_ERROR;
				CLANG_WARN_DOCUMENTATION_COMMENTS = YES;
				CLANG_WARN_EMPTY_BODY = YES;
				CLANG_WARN_ENUM_CONVERSION = YES;
				CLANG_WARN_INFINITE_RECURSION = YES;
				CLANG_WARN_INT_CONVERSION = YES;
				CLANG_WARN_NON_LITERAL_NULL_CONVERSION = YES;
				CLANG_WARN_OBJC_IMPLICIT_RETAIN_SELF = YES;
				CLANG_WARN_OBJC_LITERAL_CONVERSION = YES;
				CLANG_WARN_OBJC_ROOT_CLASS = YES_ERROR;
				CLANG_WARN_QUOTED_INCLUDE_IN_FRAMEWORK_HEADER = YES;
				CLANG_WARN_RANGE_LOOP_ANALYSIS = YES;
				CLANG_WARN_STRICT_PROTOTYPES = YES;
				CLANG_WARN_SUSPICIOUS_MOVE = YES;
				CLANG_WARN_UNGUARDED_AVAILABILITY = YES_AGGRESSIVE;
				CLANG_WARN_UNREACHABLE_CODE = YES;
				CLANG_WARN__DUPLICATE_METHOD_MATCH = YES;
				COPY_PHASE_STRIP = NO;
				DEBUG_INFORMATION_FORMAT = dwarf;
				ENABLE_STRICT_OBJC_MSGSEND = YES;
				ENABLE_TESTABILITY = YES;
				GCC_C_LANGUAGE_STANDARD = gnu11;
				GCC_DYNAMIC_NO_PIC = NO;
				GCC_NO_COMMON_BLOCKS = YES;
				GCC_OPTIMIZATION_LEVEL = 0;
				GCC_PREPROCESSOR_DEFINITIONS = (
					"DEBUG=1",
					"$(inherited)",
				);
				GCC_WARN_64_TO_32_BIT_CONVERSION = YES;
				GCC_WARN_ABOUT_RETURN_TYPE = YES_ERROR;
				GCC_WARN_UNDECLARED_SELECTOR = YES;
				GCC_WARN_UNINITIALIZED_AUTOS = YES_AGGRESSIVE;
				GCC_WARN_UNUSED_FUNCTION = YES;
				GCC_WARN_UNUSED_VARIABLE = YES;
				IPHONEOS_DEPLOYMENT_TARGET = 14.3;
				MTL_ENABLE_DEBUG_INFO = INCLUDE_SOURCE;
				MTL_FAST_MATH = YES;
				ONLY_ACTIVE_ARCH = YES;
				SDKROOT = iphoneos;
				SWIFT_ACTIVE_COMPILATION_CONDITIONS = DEBUG;
				SWIFT_OPTIMIZATION_LEVEL = "-Onone";
			};
			name = Debug;
		};
		0877069D25B1FD6E00C5E1A2 /* Release */ = {
			isa = XCBuildConfiguration;
			buildSettings = {
				ALWAYS_SEARCH_USER_PATHS = NO;
				CLANG_ANALYZER_NONNULL = YES;
				CLANG_ANALYZER_NUMBER_OBJECT_CONVERSION = YES_AGGRESSIVE;
				CLANG_CXX_LANGUAGE_STANDARD = "gnu++14";
				CLANG_CXX_LIBRARY = "libc++";
				CLANG_ENABLE_MODULES = YES;
				CLANG_ENABLE_OBJC_ARC = YES;
				CLANG_ENABLE_OBJC_WEAK = YES;
				CLANG_WARN_BLOCK_CAPTURE_AUTORELEASING = YES;
				CLANG_WARN_BOOL_CONVERSION = YES;
				CLANG_WARN_COMMA = YES;
				CLANG_WARN_CONSTANT_CONVERSION = YES;
				CLANG_WARN_DEPRECATED_OBJC_IMPLEMENTATIONS = YES;
				CLANG_WARN_DIRECT_OBJC_ISA_USAGE = YES_ERROR;
				CLANG_WARN_DOCUMENTATION_COMMENTS = YES;
				CLANG_WARN_EMPTY_BODY = YES;
				CLANG_WARN_ENUM_CONVERSION = YES;
				CLANG_WARN_INFINITE_RECURSION = YES;
				CLANG_WARN_INT_CONVERSION = YES;
				CLANG_WARN_NON_LITERAL_NULL_CONVERSION = YES;
				CLANG_WARN_OBJC_IMPLICIT_RETAIN_SELF = YES;
				CLANG_WARN_OBJC_LITERAL_CONVERSION = YES;
				CLANG_WARN_OBJC_ROOT_CLASS = YES_ERROR;
				CLANG_WARN_QUOTED_INCLUDE_IN_FRAMEWORK_HEADER = YES;
				CLANG_WARN_RANGE_LOOP_ANALYSIS = YES;
				CLANG_WARN_STRICT_PROTOTYPES = YES;
				CLANG_WARN_SUSPICIOUS_MOVE = YES;
				CLANG_WARN_UNGUARDED_AVAILABILITY = YES_AGGRESSIVE;
				CLANG_WARN_UNREACHABLE_CODE = YES;
				CLANG_WARN__DUPLICATE_METHOD_MATCH = YES;
				COPY_PHASE_STRIP = NO;
				DEBUG_INFORMATION_FORMAT = "dwarf-with-dsym";
				ENABLE_NS_ASSERTIONS = NO;
				ENABLE_STRICT_OBJC_MSGSEND = YES;
				GCC_C_LANGUAGE_STANDARD = gnu11;
				GCC_NO_COMMON_BLOCKS = YES;
				GCC_WARN_64_TO_32_BIT_CONVERSION = YES;
				GCC_WARN_ABOUT_RETURN_TYPE = YES_ERROR;
				GCC_WARN_UNDECLARED_SELECTOR = YES;
				GCC_WARN_UNINITIALIZED_AUTOS = YES_AGGRESSIVE;
				GCC_WARN_UNUSED_FUNCTION = YES;
				GCC_WARN_UNUSED_VARIABLE = YES;
				IPHONEOS_DEPLOYMENT_TARGET = 14.3;
				MTL_ENABLE_DEBUG_INFO = NO;
				MTL_FAST_MATH = YES;
				SDKROOT = iphoneos;
				SWIFT_COMPILATION_MODE = wholemodule;
				SWIFT_OPTIMIZATION_LEVEL = "-O";
				VALIDATE_PRODUCT = YES;
			};
			name = Release;
		};
		0877069F25B1FD6E00C5E1A2 /* Debug */ = {
			isa = XCBuildConfiguration;
			buildSettings = {
				ASSETCATALOG_COMPILER_APPICON_NAME = AppIcon;
				ASSETCATALOG_COMPILER_GLOBAL_ACCENT_COLOR_NAME = AccentColor;
				CODE_SIGN_STYLE = Automatic;
				DEVELOPMENT_ASSET_PATHS = "\"nugroup/Preview Content\"";
				DEVELOPMENT_TEAM = B5B23X3JN3;
				ENABLE_PREVIEWS = YES;
				INFOPLIST_FILE = nugroup/Info.plist;
				IPHONEOS_DEPLOYMENT_TARGET = 14.0;
				LD_RUNPATH_SEARCH_PATHS = (
					"$(inherited)",
					"@executable_path/Frameworks",
				);
				PRODUCT_BUNDLE_IDENTIFIER = com.nugroup;
				PRODUCT_NAME = "$(TARGET_NAME)";
				SWIFT_VERSION = 5.0;
				TARGETED_DEVICE_FAMILY = "1,2";
			};
			name = Debug;
		};
		087706A025B1FD6E00C5E1A2 /* Release */ = {
			isa = XCBuildConfiguration;
			buildSettings = {
				ASSETCATALOG_COMPILER_APPICON_NAME = AppIcon;
				ASSETCATALOG_COMPILER_GLOBAL_ACCENT_COLOR_NAME = AccentColor;
				CODE_SIGN_STYLE = Automatic;
				DEVELOPMENT_ASSET_PATHS = "\"nugroup/Preview Content\"";
				DEVELOPMENT_TEAM = B5B23X3JN3;
				ENABLE_PREVIEWS = YES;
				INFOPLIST_FILE = nugroup/Info.plist;
				IPHONEOS_DEPLOYMENT_TARGET = 14.0;
				LD_RUNPATH_SEARCH_PATHS = (
					"$(inherited)",
					"@executable_path/Frameworks",
				);
				PRODUCT_BUNDLE_IDENTIFIER = com.nugroup;
				PRODUCT_NAME = "$(TARGET_NAME)";
				SWIFT_VERSION = 5.0;
				TARGETED_DEVICE_FAMILY = "1,2";
			};
			name = Release;
		};
		087706A225B1FD6E00C5E1A2 /* Debug */ = {
			isa = XCBuildConfiguration;
			buildSettings = {
				ALWAYS_EMBED_SWIFT_STANDARD_LIBRARIES = YES;
				BUNDLE_LOADER = "$(TEST_HOST)";
				CODE_SIGN_STYLE = Automatic;
				DEVELOPMENT_TEAM = B5B23X3JN3;
				INFOPLIST_FILE = nugroupTests/Info.plist;
				IPHONEOS_DEPLOYMENT_TARGET = 14.0;
				LD_RUNPATH_SEARCH_PATHS = (
					"$(inherited)",
					"@executable_path/Frameworks",
					"@loader_path/Frameworks",
				);
				PRODUCT_BUNDLE_IDENTIFIER = com.nugroupTests;
				PRODUCT_NAME = "$(TARGET_NAME)";
				SWIFT_VERSION = 5.0;
				TARGETED_DEVICE_FAMILY = "1,2";
				TEST_HOST = "$(BUILT_PRODUCTS_DIR)/nugroup.app/nugroup";
			};
			name = Debug;
		};
		087706A325B1FD6E00C5E1A2 /* Release */ = {
			isa = XCBuildConfiguration;
			buildSettings = {
				ALWAYS_EMBED_SWIFT_STANDARD_LIBRARIES = YES;
				BUNDLE_LOADER = "$(TEST_HOST)";
				CODE_SIGN_STYLE = Automatic;
				DEVELOPMENT_TEAM = B5B23X3JN3;
				INFOPLIST_FILE = nugroupTests/Info.plist;
				IPHONEOS_DEPLOYMENT_TARGET = 14.0;
				LD_RUNPATH_SEARCH_PATHS = (
					"$(inherited)",
					"@executable_path/Frameworks",
					"@loader_path/Frameworks",
				);
				PRODUCT_BUNDLE_IDENTIFIER = com.nugroupTests;
				PRODUCT_NAME = "$(TARGET_NAME)";
				SWIFT_VERSION = 5.0;
				TARGETED_DEVICE_FAMILY = "1,2";
				TEST_HOST = "$(BUILT_PRODUCTS_DIR)/nugroup.app/nugroup";
			};
			name = Release;
		};
		087706A525B1FD6E00C5E1A2 /* Debug */ = {
			isa = XCBuildConfiguration;
			buildSettings = {
				ALWAYS_EMBED_SWIFT_STANDARD_LIBRARIES = YES;
				CODE_SIGN_STYLE = Automatic;
				DEVELOPMENT_TEAM = B5B23X3JN3;
				INFOPLIST_FILE = nugroupUITests/Info.plist;
				LD_RUNPATH_SEARCH_PATHS = (
					"$(inherited)",
					"@executable_path/Frameworks",
					"@loader_path/Frameworks",
				);
				PRODUCT_BUNDLE_IDENTIFIER = com.nugroupUITests;
				PRODUCT_NAME = "$(TARGET_NAME)";
				SWIFT_VERSION = 5.0;
				TARGETED_DEVICE_FAMILY = "1,2";
				TEST_TARGET_NAME = nugroup;
			};
			name = Debug;
		};
		087706A625B1FD6E00C5E1A2 /* Release */ = {
			isa = XCBuildConfiguration;
			buildSettings = {
				ALWAYS_EMBED_SWIFT_STANDARD_LIBRARIES = YES;
				CODE_SIGN_STYLE = Automatic;
				DEVELOPMENT_TEAM = B5B23X3JN3;
				INFOPLIST_FILE = nugroupUITests/Info.plist;
				LD_RUNPATH_SEARCH_PATHS = (
					"$(inherited)",
					"@executable_path/Frameworks",
					"@loader_path/Frameworks",
				);
				PRODUCT_BUNDLE_IDENTIFIER = com.nugroupUITests;
				PRODUCT_NAME = "$(TARGET_NAME)";
				SWIFT_VERSION = 5.0;
				TARGETED_DEVICE_FAMILY = "1,2";
				TEST_TARGET_NAME = nugroup;
			};
			name = Release;
		};
/* End XCBuildConfiguration section */

/* Begin XCConfigurationList section */
		0877067425B1FD6C00C5E1A2 /* Build configuration list for PBXProject "nugroup" */ = {
			isa = XCConfigurationList;
			buildConfigurations = (
				0877069C25B1FD6E00C5E1A2 /* Debug */,
				0877069D25B1FD6E00C5E1A2 /* Release */,
			);
			defaultConfigurationIsVisible = 0;
			defaultConfigurationName = Release;
		};
		0877069E25B1FD6E00C5E1A2 /* Build configuration list for PBXNativeTarget "nugroup" */ = {
			isa = XCConfigurationList;
			buildConfigurations = (
				0877069F25B1FD6E00C5E1A2 /* Debug */,
				087706A025B1FD6E00C5E1A2 /* Release */,
			);
			defaultConfigurationIsVisible = 0;
			defaultConfigurationName = Release;
		};
		087706A125B1FD6E00C5E1A2 /* Build configuration list for PBXNativeTarget "nugroupTests" */ = {
			isa = XCConfigurationList;
			buildConfigurations = (
				087706A225B1FD6E00C5E1A2 /* Debug */,
				087706A325B1FD6E00C5E1A2 /* Release */,
			);
			defaultConfigurationIsVisible = 0;
			defaultConfigurationName = Release;
		};
		087706A425B1FD6E00C5E1A2 /* Build configuration list for PBXNativeTarget "nugroupUITests" */ = {
			isa = XCConfigurationList;
			buildConfigurations = (
				087706A525B1FD6E00C5E1A2 /* Debug */,
				087706A625B1FD6E00C5E1A2 /* Release */,
			);
			defaultConfigurationIsVisible = 0;
			defaultConfigurationName = Release;
		};
/* End XCConfigurationList section */

/* Begin XCRemoteSwiftPackageReference section */
		0872758D25B2460700DEB48E /* XCRemoteSwiftPackageReference "apollo-ios" */ = {
			isa = XCRemoteSwiftPackageReference;
			repositoryURL = "https://github.com/apollographql/apollo-ios.git";
			requirement = {
				kind = upToNextMajorVersion;
				minimumVersion = 0.40.0;
			};
		};
/* End XCRemoteSwiftPackageReference section */

/* Begin XCSwiftPackageProductDependency section */
		0872758E25B2460700DEB48E /* Apollo */ = {
			isa = XCSwiftPackageProductDependency;
			package = 0872758D25B2460700DEB48E /* XCRemoteSwiftPackageReference "apollo-ios" */;
			productName = Apollo;
		};
/* End XCSwiftPackageProductDependency section */
	};
	rootObject = 0877067125B1FD6C00C5E1A2 /* Project object */;
}
